
Microsoft Visual Studio Solution File, Format Version 11.00
# Visual Studio 2010
Project("{FAE04EC0-301F-11D3-BF4B-00C04F79EFBC}") = "MyFirstApp", "MyFirstApp\MyFirstApp.csproj", "{DCD16C62-28B3-4797-A15D-10028877439B}"
EndProject
Global
	GlobalSection(SolutionConfigurationPlatforms) = preSolution
		Debug|iPhoneSimulator = Debug|iPhoneSimulator
		Release|iPhoneSimulator = Release|iPhoneSimulator
		Debug|iPhone = Debug|iPhone
		Release|iPhone = Release|iPhone
		Ad-Hoc|iPhone = Ad-Hoc|iPhone
		AppStore|iPhone = AppStore|iPhone
	EndGlobalSection
	GlobalSection(ProjectConfigurationPlatforms) = postSolution
		{DCD16C62-28B3-4797-A15D-10028877439B}.Ad-Hoc|iPhone.ActiveCfg = Ad-Hoc|iPhone
		{DCD16C62-28B3-4797-A15D-10028877439B}.Ad-Hoc|iPhone.Build.0 = Ad-Hoc|iPhone
		{DCD16C62-28B3-4797-A15D-10028877439B}.AppStore|iPhone.ActiveCfg = AppStore|iPhone
		{DCD16C62-28B3-4797-A15D-10028877439B}.AppStore|iPhone.Build.0 = AppStore|iPhone
		{DCD16C62-28B3-4797-A15D-10028877439B}.Debug|iPhone.ActiveCfg = Debug|iPhone
		{DCD16C62-28B3-4797-A15D-10028877439B}.Debug|iPhone.Build.0 = Debug|iPhone
		{DCD16C62-28B3-4797-A15D-10028877439B}.Debug|iPhoneSimulator.ActiveCfg = Debug|iPhoneSimulator
		{DCD16C62-28B3-4797-A15D-10028877439B}.Debug|iPhoneSimulator.Build.0 = Debug|iPhoneSimulator
		{DCD16C62-28B3-4797-A15D-10028877439B}.Release|iPhone.ActiveCfg = Release|iPhone
		{DCD16C62-28B3-4797-A15D-10028877439B}.Release|iPhone.Build.0 = Release|iPhone
		{DCD16C62-28B3-4797-A15D-10028877439B}.Release|iPhoneSimulator.ActiveCfg = Release|iPhoneSimulator
		{DCD16C62-28B3-4797-A15D-10028877439B}.Release|iPhoneSimulator.Build.0 = Release|iPhoneSimulator
	EndGlobalSection
	GlobalSection(MonoDevelopProperties) = preSolution
		StartupItem = MyFirstApp\MyFirstApp.csproj
	EndGlobalSection
EndGlobal
