
Microsoft Visual Studio Solution File, Format Version 11.00
# Visual Studio 2010
Project("{FAE04EC0-301F-11D3-BF4B-00C04F79EFBC}") = "MyFirstiPadApp", "MyFirstiPadApp\MyFirstiPadApp.csproj", "{26BF2DB8-C1C8-441F-B142-A83A9A94CD46}"
EndProject
Global
	GlobalSection(SolutionConfigurationPlatforms) = preSolution
		Debug|iPhoneSimulator = Debug|iPhoneSimulator
		Release|iPhoneSimulator = Release|iPhoneSimulator
		Debug|iPhone = Debug|iPhone
		Release|iPhone = Release|iPhone
		Ad-Hoc|iPhone = Ad-Hoc|iPhone
		AppStore|iPhone = AppStore|iPhone
	EndGlobalSection
	GlobalSection(ProjectConfigurationPlatforms) = postSolution
		{26BF2DB8-C1C8-441F-B142-A83A9A94CD46}.Ad-Hoc|iPhone.ActiveCfg = Ad-Hoc|iPhone
		{26BF2DB8-C1C8-441F-B142-A83A9A94CD46}.Ad-Hoc|iPhone.Build.0 = Ad-Hoc|iPhone
		{26BF2DB8-C1C8-441F-B142-A83A9A94CD46}.AppStore|iPhone.ActiveCfg = AppStore|iPhone
		{26BF2DB8-C1C8-441F-B142-A83A9A94CD46}.AppStore|iPhone.Build.0 = AppStore|iPhone
		{26BF2DB8-C1C8-441F-B142-A83A9A94CD46}.Debug|iPhone.ActiveCfg = Debug|iPhone
		{26BF2DB8-C1C8-441F-B142-A83A9A94CD46}.Debug|iPhone.Build.0 = Debug|iPhone
		{26BF2DB8-C1C8-441F-B142-A83A9A94CD46}.Debug|iPhoneSimulator.ActiveCfg = Debug|iPhoneSimulator
		{26BF2DB8-C1C8-441F-B142-A83A9A94CD46}.Debug|iPhoneSimulator.Build.0 = Debug|iPhoneSimulator
		{26BF2DB8-C1C8-441F-B142-A83A9A94CD46}.Release|iPhone.ActiveCfg = Release|iPhone
		{26BF2DB8-C1C8-441F-B142-A83A9A94CD46}.Release|iPhone.Build.0 = Release|iPhone
		{26BF2DB8-C1C8-441F-B142-A83A9A94CD46}.Release|iPhoneSimulator.ActiveCfg = Release|iPhoneSimulator
		{26BF2DB8-C1C8-441F-B142-A83A9A94CD46}.Release|iPhoneSimulator.Build.0 = Release|iPhoneSimulator
	EndGlobalSection
	GlobalSection(MonoDevelopProperties) = preSolution
		StartupItem = MyFirstiPadApp\MyFirstiPadApp.csproj
	EndGlobalSection
EndGlobal
